
Microsoft Visual Studio Solution File, Format Version 12.00
# Visual Studio Version 17
VisualStudioVersion = 17.9.34607.119
MinimumVisualStudioVersion = 10.0.40219.1
Project("{2150E333-8FDC-42A3-9474-1A3956D46DE8}") = "Services", "Services", "{BDCFBB59-F909-4FBE-B5D3-34070EA69279}"
EndProject
Project("{2150E333-8FDC-42A3-9474-1A3956D46DE8}") = "Catalog", "Catalog", "{9ED9A8C5-A504-443A-88DC-978AF899367B}"
EndProject
Project("{FAE04EC0-301F-11D3-BF4B-00C04F79EFBC}") = "Catalog.API", "Services\Catalog\Catalog.API\Catalog.API.csproj", "{365FDA16-8FEC-4767-8301-2944FBC5AA64}"
EndProject
Global
	GlobalSection(SolutionConfigurationPlatforms) = preSolution
		Debug|Any CPU = Debug|Any CPU
		Release|Any CPU = Release|Any CPU
	EndGlobalSection
	GlobalSection(ProjectConfigurationPlatforms) = postSolution
		{365FDA16-8FEC-4767-8301-2944FBC5AA64}.Debug|Any CPU.ActiveCfg = Debug|Any CPU
		{365FDA16-8FEC-4767-8301-2944FBC5AA64}.Debug|Any CPU.Build.0 = Debug|Any CPU
		{365FDA16-8FEC-4767-8301-2944FBC5AA64}.Release|Any CPU.ActiveCfg = Release|Any CPU
		{365FDA16-8FEC-4767-8301-2944FBC5AA64}.Release|Any CPU.Build.0 = Release|Any CPU
	EndGlobalSection
	GlobalSection(SolutionProperties) = preSolution
		HideSolutionNode = FALSE
	EndGlobalSection
	GlobalSection(NestedProjects) = preSolution
		{9ED9A8C5-A504-443A-88DC-978AF899367B} = {BDCFBB59-F909-4FBE-B5D3-34070EA69279}
		{365FDA16-8FEC-4767-8301-2944FBC5AA64} = {9ED9A8C5-A504-443A-88DC-978AF899367B}
	EndGlobalSection
	GlobalSection(ExtensibilityGlobals) = postSolution
		SolutionGuid = {DA16EAA2-C8C0-4024-840B-FD3E60AF9386}
	EndGlobalSection
EndGlobal
